{
  "name": "@imo-cli-test/exec",
  "version": "0.0.9",
  "lockfileVersion": 2,
  "requires": true,
  "packages": {
    "": {
      "name": "@imo-cli-test/exec",
      "version": "0.0.9",
      "license": "ISC",
      "dependencies": {
        "@imo-cli-test/log": "file:../../utils/log",
        "@imo-cli-test/package": "file:../../models/package"
      }
    },
    "../../models/package": {
      "name": "@imo-cli-test/package",
      "version": "0.0.9",
      "license": "ISC",
      "dependencies": {
        "@imo-cli-test/utils": "file:../../utils/utils"
      }
    },
    "../../utils/log": {
      "version": "0.0.9",
      "license": "ISC",
      "devDependencies": {
        "npmlog": "^6.0.1"
      }
    },
    "node_modules/@imo-cli-test/log": {
      "resolved": "../../utils/log",
      "link": true
    },
    "node_modules/@imo-cli-test/package": {
      "resolved": "../../models/package",
      "link": true
    }
  },
  "dependencies": {
    "@imo-cli-test/log": {
      "version": "file:../../utils/log",
      "requires": {
        "npmlog": "^6.0.1"
      }
    },
    "@imo-cli-test/package": {
      "version": "file:../../models/package",
      "requires": {
        "@imo-cli-test/utils": "file:../../utils/utils"
      }
    }
  }
}
